
Microsoft Visual Studio Solution File, Format Version 12.00
# Visual Studio 15
VisualStudioVersion = 15.0.27130.2036
MinimumVisualStudioVersion = 10.0.40219.1
Project("{8BC9CEB8-8B4A-11D0-8D11-00A0C91BC942}") = "ProjectJormag", "ProjectJormag\ProjectJormag.vcxproj", "{B767749B-CD61-4A12-99D7-FCBF298C1E62}"
EndProject
Global
	GlobalSection(SolutionConfigurationPlatforms) = preSolution
		Debug|x64 = Debug|x64
		Debug|x86 = Debug|x86
		Release|x64 = Release|x64
		Release|x86 = Release|x86
	EndGlobalSection
	GlobalSection(ProjectConfigurationPlatforms) = postSolution
		{B767749B-CD61-4A12-99D7-FCBF298C1E62}.Debug|x64.ActiveCfg = Debug|x64
		{B767749B-CD61-4A12-99D7-FCBF298C1E62}.Debug|x64.Build.0 = Debug|x64
		{B767749B-CD61-4A12-99D7-FCBF298C1E62}.Debug|x86.ActiveCfg = Debug|Win32
		{B767749B-CD61-4A12-99D7-FCBF298C1E62}.Debug|x86.Build.0 = Debug|Win32
		{B767749B-CD61-4A12-99D7-FCBF298C1E62}.Release|x64.ActiveCfg = Release|x64
		{B767749B-CD61-4A12-99D7-FCBF298C1E62}.Release|x64.Build.0 = Release|x64
		{B767749B-CD61-4A12-99D7-FCBF298C1E62}.Release|x86.ActiveCfg = Release|Win32
		{B767749B-CD61-4A12-99D7-FCBF298C1E62}.Release|x86.Build.0 = Release|Win32
	EndGlobalSection
	GlobalSection(SolutionProperties) = preSolution
		HideSolutionNode = FALSE
	EndGlobalSection
	GlobalSection(ExtensibilityGlobals) = postSolution
		SolutionGuid = {6DF2BE5A-B769-4770-A873-7DAA394197DF}
	EndGlobalSection
EndGlobal
